{
    "_meta": {
        "hash": {
            "sha256": "50a88595746b178ed59d35625743a8354508213ac2583023e0804e523e4ba28c"
        },
        "host-environment-markers": {
            "implementation_name": "cpython",
            "implementation_version": "3.5.2",
            "os_name": "posix",
            "platform_machine": "x86_64",
            "platform_python_implementation": "CPython",
            "platform_release": "4.13.0-45-generic",
            "platform_system": "Linux",
            "platform_version": "#50~16.04.1-Ubuntu SMP Wed May 30 11:18:27 UTC 2018",
            "python_full_version": "3.5.2",
            "python_version": "3.5",
            "sys_platform": "linux"
        },
        "pipfile-spec": 6,
        "requires": {
            "python_version": "3.5"
        },
        "sources": [
            {
                "name": "pypi",
                "url": "https://pypi.python.org/simple",
                "verify_ssl": true
            }
        ]
    },
    "default": {
        "pyqt5": {
            "hashes": [
                "sha256:7d0f7c0aed9c3ef70d5856e99f30ebcfe25a58300158dd46ee544cbe1c5b53db",
                "sha256:76d52f3627fac8bfdbc4857ce52a615cd879abd79890cde347682ff9b4b245a2",
                "sha256:d5dc2faf0aeacd0e8b69af1dc9f1276a64020193148356bb319bdfae22b78f88",
                "sha256:700b8bb0357bf0ac312bce283449de733f5773dfc77083664be188c8e964c007"
            ],
            "version": "==5.11.2"
        },
        "pyqt5-sip": {
            "hashes": [
                "sha256:a10f59ad65b34e183853e1387b68901f473a2041f7398fac87c4e445ab149830",
                "sha256:7b2e563e4e56adee00101a29913fdcc49cc714f6c4f7eb35449f493c3a88fc45",
                "sha256:67481d70fb0c7fb83e77b9025e15d0e78c7647c228eef934bd20ba716845a519",
                "sha256:c30c162e1430fd5a02207f1bd478e170c61d89fcca11ac6d8babb73cb33a86a8",
                "sha256:92a4950cba7ad7b7f67c09bdf80170ac225b38844b3a10f1271b02bace2ffc64",
                "sha256:9f524e60fa6113b50c48fbd869b2aef19833f3fe278097b1e7403e8f4dd5392c",
                "sha256:abc2b2df469b4efb01d9dba4b804cbf0312f109ed74752dc3a37394a77d55b1f",
                "sha256:3bcd8efae7798ce41aa7c3a052bd5ce1849f437530b8a717bae39197e780f505",
                "sha256:f00ceceef75a2140fda737bd30847ac69b7d92fbd32b6ea7b387017e72176bd8",
                "sha256:c09c17009a2dd2a6317a14d3cea9b2300fdb2206cf9bc4bae0870d1919897935",
                "sha256:4a3c5767d6c238d8c62d252ac59312fac8b2264a1e8a5670081d7f3545893005",
                "sha256:9309c10f9e648521cfe03b62f4658dad2314f81886062cb30e0ad31b337e14b0"
            ],
            "version": "==4.19.12"
        },
        "pyside2": {
            "hashes": [
                "sha256:734ee2ea12c6e4b0bf4c4367868adf7eebecec8ae149d0d463417a9ab1f31199",
                "sha256:c29263dfba6227fca9952b79978343b566c79925597c2a8498b1e8f5f87c3eb5",
                "sha256:1d600d41fff235c62765af39f0cea257ce8e1d7870abc66075a385c9d8c62c54",
                "sha256:5c80a19762ba534b402662be4b9fcf0c75cd0aac5f2eedad1867380d49c27ae8",
                "sha256:cd1bf8f0793aac63f5ff8320629ada906aeb260300f1fea1ed693093cd934108",
                "sha256:b36d876339a9ecc1d6faa1f40dd5e53da2deb5495ac5ec10ee81529280bef096"
            ],
            "version": "==5.11.0"
        },
        "qtpy": {
            "hashes": [
                "sha256:09361dbfe5e7b35ee038ef727b2b21ca764285243d1d028fedc322d5cb05b9ef",
                "sha256:1d1a4343540433a203280f162d43226e4c87489155fe4a9a6f1923ba11362bf9"
            ],
            "version": "==1.4.2"
        }
    },
    "develop": {}
}
